
Microsoft Visual Studio Solution File, Format Version 12.00
# Visual Studio Version 16
VisualStudioVersion = 16.0.30907.101
MinimumVisualStudioVersion = 10.0.40219.1
Project("{FAE04EC0-301F-11D3-BF4B-00C04F79EFBC}") = "DesafioCalculoViagem", "DesafioCalculoViagem\DesafioCalculoViagem.csproj", "{A9CA6E05-EA5A-40E2-B44B-543FFE05D8AF}"
EndProject
Project("{FAE04EC0-301F-11D3-BF4B-00C04F79EFBC}") = "DesafioAlbumCopa", "DesafioAlbumCopa\DesafioAlbumCopa.csproj", "{9EFCD289-D78F-4C00-8F33-AEDE0A262585}"
EndProject
Project("{FAE04EC0-301F-11D3-BF4B-00C04F79EFBC}") = "DesafioAnimal", "DesafioAnimal\DesafioAnimal.csproj", "{92062EDB-D928-4209-830C-A81915CC590A}"
EndProject
Global
	GlobalSection(SolutionConfigurationPlatforms) = preSolution
		Debug|Any CPU = Debug|Any CPU
		Release|Any CPU = Release|Any CPU
	EndGlobalSection
	GlobalSection(ProjectConfigurationPlatforms) = postSolution
		{A9CA6E05-EA5A-40E2-B44B-543FFE05D8AF}.Debug|Any CPU.ActiveCfg = Debug|Any CPU
		{A9CA6E05-EA5A-40E2-B44B-543FFE05D8AF}.Debug|Any CPU.Build.0 = Debug|Any CPU
		{A9CA6E05-EA5A-40E2-B44B-543FFE05D8AF}.Release|Any CPU.ActiveCfg = Release|Any CPU
		{A9CA6E05-EA5A-40E2-B44B-543FFE05D8AF}.Release|Any CPU.Build.0 = Release|Any CPU
		{9EFCD289-D78F-4C00-8F33-AEDE0A262585}.Debug|Any CPU.ActiveCfg = Debug|Any CPU
		{9EFCD289-D78F-4C00-8F33-AEDE0A262585}.Debug|Any CPU.Build.0 = Debug|Any CPU
		{9EFCD289-D78F-4C00-8F33-AEDE0A262585}.Release|Any CPU.ActiveCfg = Release|Any CPU
		{9EFCD289-D78F-4C00-8F33-AEDE0A262585}.Release|Any CPU.Build.0 = Release|Any CPU
		{92062EDB-D928-4209-830C-A81915CC590A}.Debug|Any CPU.ActiveCfg = Debug|Any CPU
		{92062EDB-D928-4209-830C-A81915CC590A}.Debug|Any CPU.Build.0 = Debug|Any CPU
		{92062EDB-D928-4209-830C-A81915CC590A}.Release|Any CPU.ActiveCfg = Release|Any CPU
		{92062EDB-D928-4209-830C-A81915CC590A}.Release|Any CPU.Build.0 = Release|Any CPU
	EndGlobalSection
	GlobalSection(SolutionProperties) = preSolution
		HideSolutionNode = FALSE
	EndGlobalSection
	GlobalSection(ExtensibilityGlobals) = postSolution
		SolutionGuid = {6114D6EB-EF3E-43B9-AEE9-2C727E03D01A}
	EndGlobalSection
EndGlobal
